// !$*UTF8*$!
{
	archiveVersion = 1;
	classes = {
	};
	objectVersion = 46;
	objects = {

/* Begin PBXBuildFile section */
		6EC291831EBF6DB30025DACD /* AppDelegate.swift in Sources */ = {isa = PBXBuildFile; fileRef = 6EC291821EBF6DB30025DACD /* AppDelegate.swift */; };
		6EC291851EBF6DB30025DACD /* ViewController.swift in Sources */ = {isa = PBXBuildFile; fileRef = 6EC291841EBF6DB30025DACD /* ViewController.swift */; };
		6EC291881EBF6DB30025DACD /* Main.storyboard in Resources */ = {isa = PBXBuildFile; fileRef = 6EC291861EBF6DB30025DACD /* Main.storyboard */; };
		6EC2918A1EBF6DB30025DACD /* Assets.xcassets in Resources */ = {isa = PBXBuildFile; fileRef = 6EC291891EBF6DB30025DACD /* Assets.xcassets */; };
		6EC2918D1EBF6DB30025DACD /* LaunchScreen.storyboard in Resources */ = {isa = PBXBuildFile; fileRef = 6EC2918B1EBF6DB30025DACD /* LaunchScreen.storyboard */; };
		6EC291951EBFA8E10025DACD /* pokemon.csv in Resources */ = {isa = PBXBuildFile; fileRef = 6EC291941EBFA8E10025DACD /* pokemon.csv */; };
		6EC291981EBFA9E90025DACD /* Pokemon.swift in Sources */ = {isa = PBXBuildFile; fileRef = 6EC291971EBFA9E90025DACD /* Pokemon.swift */; };
		6EC2919B1EC08A270025DACD /* PokeCell.swift in Sources */ = {isa = PBXBuildFile; fileRef = 6EC2919A1EC08A270025DACD /* PokeCell.swift */; };
		6EC2919E1EC093B00025DACD /* csv.swift in Sources */ = {isa = PBXBuildFile; fileRef = 6EC2919D1EC093B00025DACD /* csv.swift */; };
		6EC291A21EC0A1860025DACD /* Pokemon.ttf in Resources */ = {isa = PBXBuildFile; fileRef = 6EC291A01EC0A1860025DACD /* Pokemon.ttf */; };
		6EC291A71EC0A3C10025DACD /* music.mp3 in Resources */ = {isa = PBXBuildFile; fileRef = 6EC291A51EC0A3C10025DACD /* music.mp3 */; };
		6EC291A81EC0A3C10025DACD /* music.png in Resources */ = {isa = PBXBuildFile; fileRef = 6EC291A61EC0A3C10025DACD /* music.png */; };
		6EC291AA1EC0AE920025DACD /* PokemonDetailVC.swift in Sources */ = {isa = PBXBuildFile; fileRef = 6EC291A91EC0AE920025DACD /* PokemonDetailVC.swift */; };
/* End PBXBuildFile section */

/* Begin PBXFileReference section */
		6EC2917F1EBF6DB30025DACD /* Pokedex.app */ = {isa = PBXFileReference; explicitFileType = wrapper.application; includeInIndex = 0; path = Pokedex.app; sourceTree = BUILT_PRODUCTS_DIR; };
		6EC291821EBF6DB30025DACD /* AppDelegate.swift */ = {isa = PBXFileReference; lastKnownFileType = sourcecode.swift; path = AppDelegate.swift; sourceTree = "<group>"; };
		6EC291841EBF6DB30025DACD /* ViewController.swift */ = {isa = PBXFileReference; lastKnownFileType = sourcecode.swift; path = ViewController.swift; sourceTree = "<group>"; };
		6EC291871EBF6DB30025DACD /* Base */ = {isa = PBXFileReference; lastKnownFileType = file.storyboard; name = Base; path = Base.lproj/Main.storyboard; sourceTree = "<group>"; };
		6EC291891EBF6DB30025DACD /* Assets.xcassets */ = {isa = PBXFileReference; lastKnownFileType = folder.assetcatalog; path = Assets.xcassets; sourceTree = "<group>"; };
		6EC2918C1EBF6DB30025DACD /* Base */ = {isa = PBXFileReference; lastKnownFileType = file.storyboard; name = Base; path = Base.lproj/LaunchScreen.storyboard; sourceTree = "<group>"; };
		6EC2918E1EBF6DB30025DACD /* Info.plist */ = {isa = PBXFileReference; lastKnownFileType = text.plist.xml; path = Info.plist; sourceTree = "<group>"; };
		6EC291941EBFA8E10025DACD /* pokemon.csv */ = {isa = PBXFileReference; fileEncoding = 4; lastKnownFileType = text; path = pokemon.csv; sourceTree = "<group>"; };
		6EC291971EBFA9E90025DACD /* Pokemon.swift */ = {isa = PBXFileReference; fileEncoding = 4; lastKnownFileType = sourcecode.swift; path = Pokemon.swift; sourceTree = "<group>"; };
		6EC2919A1EC08A270025DACD /* PokeCell.swift */ = {isa = PBXFileReference; fileEncoding = 4; lastKnownFileType = sourcecode.swift; path = PokeCell.swift; sourceTree = "<group>"; };
		6EC2919D1EC093B00025DACD /* csv.swift */ = {isa = PBXFileReference; fileEncoding = 4; lastKnownFileType = sourcecode.swift; path = csv.swift; sourceTree = "<group>"; };
		6EC291A01EC0A1860025DACD /* Pokemon.ttf */ = {isa = PBXFileReference; lastKnownFileType = file; name = Pokemon.ttf; path = ../Pokemon.ttf; sourceTree = "<group>"; };
		6EC291A51EC0A3C10025DACD /* music.mp3 */ = {isa = PBXFileReference; lastKnownFileType = audio.mp3; path = music.mp3; sourceTree = "<group>"; };
		6EC291A61EC0A3C10025DACD /* music.png */ = {isa = PBXFileReference; lastKnownFileType = image.png; path = music.png; sourceTree = "<group>"; };
		6EC291A91EC0AE920025DACD /* PokemonDetailVC.swift */ = {isa = PBXFileReference; fileEncoding = 4; lastKnownFileType = sourcecode.swift; path = PokemonDetailVC.swift; sourceTree = "<group>"; };
/* End PBXFileReference section */

/* Begin PBXFrameworksBuildPhase section */
		6EC2917C1EBF6DB30025DACD /* Frameworks */ = {
			isa = PBXFrameworksBuildPhase;
			buildActionMask = 2147483647;
			files = (
			);
			runOnlyForDeploymentPostprocessing = 0;
		};
/* End PBXFrameworksBuildPhase section */

/* Begin PBXGroup section */
		6EC291761EBF6DB30025DACD = {
			isa = PBXGroup;
			children = (
				6EC291811EBF6DB30025DACD /* Pokedex */,
				6EC291801EBF6DB30025DACD /* Products */,
			);
			sourceTree = "<group>";
		};
		6EC291801EBF6DB30025DACD /* Products */ = {
			isa = PBXGroup;
			children = (
				6EC2917F1EBF6DB30025DACD /* Pokedex.app */,
			);
			name = Products;
			sourceTree = "<group>";
		};
		6EC291811EBF6DB30025DACD /* Pokedex */ = {
			isa = PBXGroup;
			children = (
				6EC291A31EC0A1A60025DACD /* Controller */,
				6EC2919C1EC093A10025DACD /* Utils */,
				6EC291991EC089E90025DACD /* View */,
				6EC291961EBFA9D00025DACD /* Model */,
				6EC291A41EC0A1C20025DACD /* Resources */,
				6EC291821EBF6DB30025DACD /* AppDelegate.swift */,
				6EC291861EBF6DB30025DACD /* Main.storyboard */,
				6EC291891EBF6DB30025DACD /* Assets.xcassets */,
				6EC2918B1EBF6DB30025DACD /* LaunchScreen.storyboard */,
				6EC2918E1EBF6DB30025DACD /* Info.plist */,
			);
			path = Pokedex;
			sourceTree = "<group>";
		};
		6EC291961EBFA9D00025DACD /* Model */ = {
			isa = PBXGroup;
			children = (
				6EC291971EBFA9E90025DACD /* Pokemon.swift */,
			);
			name = Model;
			sourceTree = "<group>";
		};
		6EC291991EC089E90025DACD /* View */ = {
			isa = PBXGroup;
			children = (
				6EC2919A1EC08A270025DACD /* PokeCell.swift */,
			);
			name = View;
			sourceTree = "<group>";
		};
		6EC2919C1EC093A10025DACD /* Utils */ = {
			isa = PBXGroup;
			children = (
				6EC2919D1EC093B00025DACD /* csv.swift */,
			);
			name = Utils;
			sourceTree = "<group>";
		};
		6EC291A31EC0A1A60025DACD /* Controller */ = {
			isa = PBXGroup;
			children = (
				6EC291841EBF6DB30025DACD /* ViewController.swift */,
				6EC291A91EC0AE920025DACD /* PokemonDetailVC.swift */,
			);
			name = Controller;
			sourceTree = "<group>";
		};
		6EC291A41EC0A1C20025DACD /* Resources */ = {
			isa = PBXGroup;
			children = (
				6EC291A51EC0A3C10025DACD /* music.mp3 */,
				6EC291A61EC0A3C10025DACD /* music.png */,
				6EC291941EBFA8E10025DACD /* pokemon.csv */,
				6EC291A01EC0A1860025DACD /* Pokemon.ttf */,
			);
			name = Resources;
			sourceTree = "<group>";
		};
/* End PBXGroup section */

/* Begin PBXNativeTarget section */
		6EC2917E1EBF6DB30025DACD /* Pokedex */ = {
			isa = PBXNativeTarget;
			buildConfigurationList = 6EC291911EBF6DB30025DACD /* Build configuration list for PBXNativeTarget "Pokedex" */;
			buildPhases = (
				6EC2917B1EBF6DB30025DACD /* Sources */,
				6EC2917C1EBF6DB30025DACD /* Frameworks */,
				6EC2917D1EBF6DB30025DACD /* Resources */,
			);
			buildRules = (
			);
			dependencies = (
			);
			name = Pokedex;
			productName = Pokedex;
			productReference = 6EC2917F1EBF6DB30025DACD /* Pokedex.app */;
			productType = "com.apple.product-type.application";
		};
/* End PBXNativeTarget section */

/* Begin PBXProject section */
		6EC291771EBF6DB30025DACD /* Project object */ = {
			isa = PBXProject;
			attributes = {
				LastSwiftUpdateCheck = 0830;
				LastUpgradeCheck = 0830;
				ORGANIZATIONNAME = dscode;
				TargetAttributes = {
					6EC2917E1EBF6DB30025DACD = {
						CreatedOnToolsVersion = 8.3.2;
						LastSwiftMigration = 0830;
						ProvisioningStyle = Automatic;
					};
				};
			};
			buildConfigurationList = 6EC2917A1EBF6DB30025DACD /* Build configuration list for PBXProject "Pokedex" */;
			compatibilityVersion = "Xcode 3.2";
			developmentRegion = English;
			hasScannedForEncodings = 0;
			knownRegions = (
				en,
				Base,
			);
			mainGroup = 6EC291761EBF6DB30025DACD;
			productRefGroup = 6EC291801EBF6DB30025DACD /* Products */;
			projectDirPath = "";
			projectRoot = "";
			targets = (
				6EC2917E1EBF6DB30025DACD /* Pokedex */,
			);
		};
/* End PBXProject section */

/* Begin PBXResourcesBuildPhase section */
		6EC2917D1EBF6DB30025DACD /* Resources */ = {
			isa = PBXResourcesBuildPhase;
			buildActionMask = 2147483647;
			files = (
				6EC2918D1EBF6DB30025DACD /* LaunchScreen.storyboard in Resources */,
				6EC291A81EC0A3C10025DACD /* music.png in Resources */,
				6EC2918A1EBF6DB30025DACD /* Assets.xcassets in Resources */,
				6EC291A71EC0A3C10025DACD /* music.mp3 in Resources */,
				6EC291A21EC0A1860025DACD /* Pokemon.ttf in Resources */,
				6EC291951EBFA8E10025DACD /* pokemon.csv in Resources */,
				6EC291881EBF6DB30025DACD /* Main.storyboard in Resources */,
			);
			runOnlyForDeploymentPostprocessing = 0;
		};
/* End PBXResourcesBuildPhase section */

/* Begin PBXSourcesBuildPhase section */
		6EC2917B1EBF6DB30025DACD /* Sources */ = {
			isa = PBXSourcesBuildPhase;
			buildActionMask = 2147483647;
			files = (
				6EC2919B1EC08A270025DACD /* PokeCell.swift in Sources */,
				6EC291851EBF6DB30025DACD /* ViewController.swift in Sources */,
				6EC2919E1EC093B00025DACD /* csv.swift in Sources */,
				6EC291AA1EC0AE920025DACD /* PokemonDetailVC.swift in Sources */,
				6EC291831EBF6DB30025DACD /* AppDelegate.swift in Sources */,
				6EC291981EBFA9E90025DACD /* Pokemon.swift in Sources */,
			);
			runOnlyForDeploymentPostprocessing = 0;
		};
/* End PBXSourcesBuildPhase section */

/* Begin PBXVariantGroup section */
		6EC291861EBF6DB30025DACD /* Main.storyboard */ = {
			isa = PBXVariantGroup;
			children = (
				6EC291871EBF6DB30025DACD /* Base */,
			);
			name = Main.storyboard;
			sourceTree = "<group>";
		};
		6EC2918B1EBF6DB30025DACD /* LaunchScreen.storyboard */ = {
			isa = PBXVariantGroup;
			children = (
				6EC2918C1EBF6DB30025DACD /* Base */,
			);
			name = LaunchScreen.storyboard;
			sourceTree = "<group>";
		};
/* End PBXVariantGroup section */

/* Begin XCBuildConfiguration section */
		6EC2918F1EBF6DB30025DACD /* Debug */ = {
			isa = XCBuildConfiguration;
			buildSettings = {
				ALWAYS_SEARCH_USER_PATHS = NO;
				CLANG_ANALYZER_NONNULL = YES;
				CLANG_ANALYZER_NUMBER_OBJECT_CONVERSION = YES_AGGRESSIVE;
				CLANG_CXX_LANGUAGE_STANDARD = "gnu++0x";
				CLANG_CXX_LIBRARY = "libc++";
				CLANG_ENABLE_MODULES = YES;
				CLANG_ENABLE_OBJC_ARC = YES;
				CLANG_WARN_BOOL_CONVERSION = YES;
				CLANG_WARN_CONSTANT_CONVERSION = YES;
				CLANG_WARN_DIRECT_OBJC_ISA_USAGE = YES_ERROR;
				CLANG_WARN_DOCUMENTATION_COMMENTS = YES;
				CLANG_WARN_EMPTY_BODY = YES;
				CLANG_WARN_ENUM_CONVERSION = YES;
				CLANG_WARN_INFINITE_RECURSION = YES;
				CLANG_WARN_INT_CONVERSION = YES;
				CLANG_WARN_OBJC_ROOT_CLASS = YES_ERROR;
				CLANG_WARN_SUSPICIOUS_MOVE = YES;
				CLANG_WARN_UNREACHABLE_CODE = YES;
				CLANG_WARN__DUPLICATE_METHOD_MATCH = YES;
				"CODE_SIGN_IDENTITY[sdk=iphoneos*]" = "iPhone Developer";
				COPY_PHASE_STRIP = NO;
				DEBUG_INFORMATION_FORMAT = dwarf;
				ENABLE_STRICT_OBJC_MSGSEND = YES;
				ENABLE_TESTABILITY = YES;
				GCC_C_LANGUAGE_STANDARD = gnu99;
				GCC_DYNAMIC_NO_PIC = NO;
				GCC_NO_COMMON_BLOCKS = YES;
				GCC_OPTIMIZATION_LEVEL = 0;
				GCC_PREPROCESSOR_DEFINITIONS = (
					"DEBUG=1",
					"$(inherited)",
				);
				GCC_WARN_64_TO_32_BIT_CONVERSION = YES;
				GCC_WARN_ABOUT_RETURN_TYPE = YES_ERROR;
				GCC_WARN_UNDECLARED_SELECTOR = YES;
				GCC_WARN_UNINITIALIZED_AUTOS = YES_AGGRESSIVE;
				GCC_WARN_UNUSED_FUNCTION = YES;
				GCC_WARN_UNUSED_VARIABLE = YES;
				IPHONEOS_DEPLOYMENT_TARGET = 10.3;
				MTL_ENABLE_DEBUG_INFO = YES;
				ONLY_ACTIVE_ARCH = YES;
				SDKROOT = iphoneos;
				SWIFT_ACTIVE_COMPILATION_CONDITIONS = DEBUG;
				SWIFT_OPTIMIZATION_LEVEL = "-Onone";
			};
			name = Debug;
		};
		6EC291901EBF6DB30025DACD /* Release */ = {
			isa = XCBuildConfiguration;
			buildSettings = {
				ALWAYS_SEARCH_USER_PATHS = NO;
				CLANG_ANALYZER_NONNULL = YES;
				CLANG_ANALYZER_NUMBER_OBJECT_CONVERSION = YES_AGGRESSIVE;
				CLANG_CXX_LANGUAGE_STANDARD = "gnu++0x";
				CLANG_CXX_LIBRARY = "libc++";
				CLANG_ENABLE_MODULES = YES;
				CLANG_ENABLE_OBJC_ARC = YES;
				CLANG_WARN_BOOL_CONVERSION = YES;
				CLANG_WARN_CONSTANT_CONVERSION = YES;
				CLANG_WARN_DIRECT_OBJC_ISA_USAGE = YES_ERROR;
				CLANG_WARN_DOCUMENTATION_COMMENTS = YES;
				CLANG_WARN_EMPTY_BODY = YES;
				CLANG_WARN_ENUM_CONVERSION = YES;
				CLANG_WARN_INFINITE_RECURSION = YES;
				CLANG_WARN_INT_CONVERSION = YES;
				CLANG_WARN_OBJC_ROOT_CLASS = YES_ERROR;
				CLANG_WARN_SUSPICIOUS_MOVE = YES;
				CLANG_WARN_UNREACHABLE_CODE = YES;
				CLANG_WARN__DUPLICATE_METHOD_MATCH = YES;
				"CODE_SIGN_IDENTITY[sdk=iphoneos*]" = "iPhone Developer";
				COPY_PHASE_STRIP = NO;
				DEBUG_INFORMATION_FORMAT = "dwarf-with-dsym";
				ENABLE_NS_ASSERTIONS = NO;
				ENABLE_STRICT_OBJC_MSGSEND = YES;
				GCC_C_LANGUAGE_STANDARD = gnu99;
				GCC_NO_COMMON_BLOCKS = YES;
				GCC_WARN_64_TO_32_BIT_CONVERSION = YES;
				GCC_WARN_ABOUT_RETURN_TYPE = YES_ERROR;
				GCC_WARN_UNDECLARED_SELECTOR = YES;
				GCC_WARN_UNINITIALIZED_AUTOS = YES_AGGRESSIVE;
				GCC_WARN_UNUSED_FUNCTION = YES;
				GCC_WARN_UNUSED_VARIABLE = YES;
				IPHONEOS_DEPLOYMENT_TARGET = 10.3;
				MTL_ENABLE_DEBUG_INFO = NO;
				SDKROOT = iphoneos;
				SWIFT_OPTIMIZATION_LEVEL = "-Owholemodule";
				VALIDATE_PRODUCT = YES;
			};
			name = Release;
		};
		6EC291921EBF6DB30025DACD /* Debug */ = {
			isa = XCBuildConfiguration;
			buildSettings = {
				ASSETCATALOG_COMPILER_APPICON_NAME = AppIcon;
				INFOPLIST_FILE = Pokedex/Info.plist;
				LD_RUNPATH_SEARCH_PATHS = "$(inherited) @executable_path/Frameworks";
				PRODUCT_BUNDLE_IDENTIFIER = com.dscode.Pokedex;
				PRODUCT_NAME = "$(TARGET_NAME)";
				SWIFT_VERSION = 3.0;
			};
			name = Debug;
		};
		6EC291931EBF6DB30025DACD /* Release */ = {
			isa = XCBuildConfiguration;
			buildSettings = {
				ASSETCATALOG_COMPILER_APPICON_NAME = AppIcon;
				INFOPLIST_FILE = Pokedex/Info.plist;
				LD_RUNPATH_SEARCH_PATHS = "$(inherited) @executable_path/Frameworks";
				PRODUCT_BUNDLE_IDENTIFIER = com.dscode.Pokedex;
				PRODUCT_NAME = "$(TARGET_NAME)";
				SWIFT_VERSION = 3.0;
			};
			name = Release;
		};
/* End XCBuildConfiguration section */

/* Begin XCConfigurationList section */
		6EC2917A1EBF6DB30025DACD /* Build configuration list for PBXProject "Pokedex" */ = {
			isa = XCConfigurationList;
			buildConfigurations = (
				6EC2918F1EBF6DB30025DACD /* Debug */,
				6EC291901EBF6DB30025DACD /* Release */,
			);
			defaultConfigurationIsVisible = 0;
			defaultConfigurationName = Release;
		};
		6EC291911EBF6DB30025DACD /* Build configuration list for PBXNativeTarget "Pokedex" */ = {
			isa = XCConfigurationList;
			buildConfigurations = (
				6EC291921EBF6DB30025DACD /* Debug */,
				6EC291931EBF6DB30025DACD /* Release */,
			);
			defaultConfigurationIsVisible = 0;
		};
/* End XCConfigurationList section */
	};
	rootObject = 6EC291771EBF6DB30025DACD /* Project object */;
}
